
Microsoft Visual Studio Solution File, Format Version 12.00
# Visual Studio Version 17
VisualStudioVersion = 17.6.33815.320
MinimumVisualStudioVersion = 10.0.40219.1
Project("{FAE04EC0-301F-11D3-BF4B-00C04F79EFBC}") = "First_Asp_Mvc", "First_Asp_Mvc\First_Asp_Mvc.csproj", "{CF01BC8D-42B7-4F83-8482-0D682B76DBBC}"
EndProject
Global
	GlobalSection(SolutionConfigurationPlatforms) = preSolution
		Debug|Any CPU = Debug|Any CPU
		Release|Any CPU = Release|Any CPU
	EndGlobalSection
	GlobalSection(ProjectConfigurationPlatforms) = postSolution
		{CF01BC8D-42B7-4F83-8482-0D682B76DBBC}.Debug|Any CPU.ActiveCfg = Debug|Any CPU
		{CF01BC8D-42B7-4F83-8482-0D682B76DBBC}.Debug|Any CPU.Build.0 = Debug|Any CPU
		{CF01BC8D-42B7-4F83-8482-0D682B76DBBC}.Release|Any CPU.ActiveCfg = Release|Any CPU
		{CF01BC8D-42B7-4F83-8482-0D682B76DBBC}.Release|Any CPU.Build.0 = Release|Any CPU
	EndGlobalSection
	GlobalSection(SolutionProperties) = preSolution
		HideSolutionNode = FALSE
	EndGlobalSection
	GlobalSection(ExtensibilityGlobals) = postSolution
		SolutionGuid = {5A85AF3E-A6DA-4E32-943C-4152A79F6A5E}
	EndGlobalSection
EndGlobal
